
Microsoft Visual Studio Solution File, Format Version 12.00
# Visual Studio Version 17
VisualStudioVersion = 17.3.32929.385
MinimumVisualStudioVersion = 10.0.40219.1
Project("{9A19103F-16F7-4668-BE54-9A1E7A4F7556}") = "WhiteBoarding", "WhiteBoarding\WhiteBoarding.csproj", "{44A86B1F-0E5E-4037-B631-017026CFAC5B}"
EndProject
Project("{FAE04EC0-301F-11D3-BF4B-00C04F79EFBC}") = "Loans.Tests", "Loans.Tests\Loans.Tests.csproj", "{2B7D0FA8-8B0A-4C2A-A5C1-07CA2E190862}"
EndProject
Global
	GlobalSection(SolutionConfigurationPlatforms) = preSolution
		Debug|Any CPU = Debug|Any CPU
		Release|Any CPU = Release|Any CPU
	EndGlobalSection
	GlobalSection(ProjectConfigurationPlatforms) = postSolution
		{44A86B1F-0E5E-4037-B631-017026CFAC5B}.Debug|Any CPU.ActiveCfg = Debug|Any CPU
		{44A86B1F-0E5E-4037-B631-017026CFAC5B}.Debug|Any CPU.Build.0 = Debug|Any CPU
		{44A86B1F-0E5E-4037-B631-017026CFAC5B}.Release|Any CPU.ActiveCfg = Release|Any CPU
		{44A86B1F-0E5E-4037-B631-017026CFAC5B}.Release|Any CPU.Build.0 = Release|Any CPU
		{2B7D0FA8-8B0A-4C2A-A5C1-07CA2E190862}.Debug|Any CPU.ActiveCfg = Debug|Any CPU
		{2B7D0FA8-8B0A-4C2A-A5C1-07CA2E190862}.Debug|Any CPU.Build.0 = Debug|Any CPU
		{2B7D0FA8-8B0A-4C2A-A5C1-07CA2E190862}.Release|Any CPU.ActiveCfg = Release|Any CPU
		{2B7D0FA8-8B0A-4C2A-A5C1-07CA2E190862}.Release|Any CPU.Build.0 = Release|Any CPU
	EndGlobalSection
	GlobalSection(SolutionProperties) = preSolution
		HideSolutionNode = FALSE
	EndGlobalSection
	GlobalSection(ExtensibilityGlobals) = postSolution
		SolutionGuid = {B2FBF9EF-3AF9-4DDB-8782-94EC9FEEE101}
	EndGlobalSection
EndGlobal
